
Microsoft Visual Studio Solution File, Format Version 12.00
# Visual Studio Version 17
VisualStudioVersion = 17.9.34902.65
MinimumVisualStudioVersion = 10.0.40219.1
Project("{FAE04EC0-301F-11D3-BF4B-00C04F79EFBC}") = "i mc", "i mc.csproj", "{1A66251D-7501-4A4C-A17A-8DB66A48C0B8}"
EndProject
Global
	GlobalSection(SolutionConfigurationPlatforms) = preSolution
		Debug|Any CPU = Debug|Any CPU
		Release|Any CPU = Release|Any CPU
	EndGlobalSection
	GlobalSection(ProjectConfigurationPlatforms) = postSolution
		{1A66251D-7501-4A4C-A17A-8DB66A48C0B8}.Debug|Any CPU.ActiveCfg = Debug|Any CPU
		{1A66251D-7501-4A4C-A17A-8DB66A48C0B8}.Debug|Any CPU.Build.0 = Debug|Any CPU
		{1A66251D-7501-4A4C-A17A-8DB66A48C0B8}.Release|Any CPU.ActiveCfg = Release|Any CPU
		{1A66251D-7501-4A4C-A17A-8DB66A48C0B8}.Release|Any CPU.Build.0 = Release|Any CPU
	EndGlobalSection
	GlobalSection(SolutionProperties) = preSolution
		HideSolutionNode = FALSE
	EndGlobalSection
	GlobalSection(ExtensibilityGlobals) = postSolution
		SolutionGuid = {61235310-A8E2-4278-9CC5-F636419D88F3}
	EndGlobalSection
EndGlobal
