
Microsoft Visual Studio Solution File, Format Version 12.00
# Visual Studio Version 17
VisualStudioVersion = 17.9.34902.65
MinimumVisualStudioVersion = 10.0.40219.1
Project("{FAE04EC0-301F-11D3-BF4B-00C04F79EFBC}") = "loop", "loop.csproj", "{B942A7C2-F030-4C62-8569-C6930A3E3B98}"
EndProject
Global
	GlobalSection(SolutionConfigurationPlatforms) = preSolution
		Debug|Any CPU = Debug|Any CPU
		Release|Any CPU = Release|Any CPU
	EndGlobalSection
	GlobalSection(ProjectConfigurationPlatforms) = postSolution
		{B942A7C2-F030-4C62-8569-C6930A3E3B98}.Debug|Any CPU.ActiveCfg = Debug|Any CPU
		{B942A7C2-F030-4C62-8569-C6930A3E3B98}.Debug|Any CPU.Build.0 = Debug|Any CPU
		{B942A7C2-F030-4C62-8569-C6930A3E3B98}.Release|Any CPU.ActiveCfg = Release|Any CPU
		{B942A7C2-F030-4C62-8569-C6930A3E3B98}.Release|Any CPU.Build.0 = Release|Any CPU
	EndGlobalSection
	GlobalSection(SolutionProperties) = preSolution
		HideSolutionNode = FALSE
	EndGlobalSection
	GlobalSection(ExtensibilityGlobals) = postSolution
		SolutionGuid = {AF1289A6-5579-478F-B136-815BA02E8058}
	EndGlobalSection
EndGlobal
