
Microsoft Visual Studio Solution File, Format Version 12.00
# Visual Studio Version 17
VisualStudioVersion = 17.10.35013.160
MinimumVisualStudioVersion = 10.0.40219.1
Project("{FAE04EC0-301F-11D3-BF4B-00C04F79EFBC}") = "jogo-bocks", "jogo-bocks.csproj", "{C3EFEDE8-A48B-40ED-A058-DB0D08162D92}"
EndProject
Global
	GlobalSection(SolutionConfigurationPlatforms) = preSolution
		Debug|Any CPU = Debug|Any CPU
		Release|Any CPU = Release|Any CPU
	EndGlobalSection
	GlobalSection(ProjectConfigurationPlatforms) = postSolution
		{C3EFEDE8-A48B-40ED-A058-DB0D08162D92}.Debug|Any CPU.ActiveCfg = Debug|Any CPU
		{C3EFEDE8-A48B-40ED-A058-DB0D08162D92}.Debug|Any CPU.Build.0 = Debug|Any CPU
		{C3EFEDE8-A48B-40ED-A058-DB0D08162D92}.Release|Any CPU.ActiveCfg = Release|Any CPU
		{C3EFEDE8-A48B-40ED-A058-DB0D08162D92}.Release|Any CPU.Build.0 = Release|Any CPU
	EndGlobalSection
	GlobalSection(SolutionProperties) = preSolution
		HideSolutionNode = FALSE
	EndGlobalSection
	GlobalSection(ExtensibilityGlobals) = postSolution
		SolutionGuid = {69A39DB6-F3E5-40CD-826F-EF4EEB06AC34}
	EndGlobalSection
EndGlobal
